
Microsoft Visual Studio Solution File, Format Version 12.00
# Visual Studio Version 17
VisualStudioVersion = 17.2.32602.215
MinimumVisualStudioVersion = 10.0.40219.1
Project("{FAE04EC0-301F-11D3-BF4B-00C04F79EFBC}") = "BatchRename", "BatchRename\BatchRename.csproj", "{5FA2F5BF-71F7-45C7-8D95-34A4EC4E78A8}"
EndProject
Project("{FAE04EC0-301F-11D3-BF4B-00C04F79EFBC}") = "WpfControlLibrary1", "WpfControlLibrary1\WpfControlLibrary1.csproj", "{C1AF69C6-D681-4238-8E4B-92A6734F1DFB}"
EndProject
Global
	GlobalSection(SolutionConfigurationPlatforms) = preSolution
		Debug|Any CPU = Debug|Any CPU
		Release|Any CPU = Release|Any CPU
	EndGlobalSection
	GlobalSection(ProjectConfigurationPlatforms) = postSolution
		{5FA2F5BF-71F7-45C7-8D95-34A4EC4E78A8}.Debug|Any CPU.ActiveCfg = Debug|Any CPU
		{5FA2F5BF-71F7-45C7-8D95-34A4EC4E78A8}.Debug|Any CPU.Build.0 = Debug|Any CPU
		{5FA2F5BF-71F7-45C7-8D95-34A4EC4E78A8}.Release|Any CPU.ActiveCfg = Release|Any CPU
		{5FA2F5BF-71F7-45C7-8D95-34A4EC4E78A8}.Release|Any CPU.Build.0 = Release|Any CPU
		{C1AF69C6-D681-4238-8E4B-92A6734F1DFB}.Debug|Any CPU.ActiveCfg = Debug|Any CPU
		{C1AF69C6-D681-4238-8E4B-92A6734F1DFB}.Debug|Any CPU.Build.0 = Debug|Any CPU
		{C1AF69C6-D681-4238-8E4B-92A6734F1DFB}.Release|Any CPU.ActiveCfg = Release|Any CPU
		{C1AF69C6-D681-4238-8E4B-92A6734F1DFB}.Release|Any CPU.Build.0 = Release|Any CPU
	EndGlobalSection
	GlobalSection(SolutionProperties) = preSolution
		HideSolutionNode = FALSE
	EndGlobalSection
	GlobalSection(ExtensibilityGlobals) = postSolution
		SolutionGuid = {3C7A0B1E-C4D4-4A68-B580-246F42668B85}
	EndGlobalSection
EndGlobal
